
Microsoft Visual Studio Solution File, Format Version 12.00
# Visual Studio Version 16
VisualStudioVersion = 16.0.30413.136
MinimumVisualStudioVersion = 10.0.40219.1
Project("{FAE04EC0-301F-11D3-BF4B-00C04F79EFBC}") = "msi_function", "msi_function\msi_function.csproj", "{F6E66190-E5EF-48F9-A14E-BD0C9576B585}"
EndProject
Global
	GlobalSection(SolutionConfigurationPlatforms) = preSolution
		Debug|Any CPU = Debug|Any CPU
		Release|Any CPU = Release|Any CPU
	EndGlobalSection
	GlobalSection(ProjectConfigurationPlatforms) = postSolution
		{F6E66190-E5EF-48F9-A14E-BD0C9576B585}.Debug|Any CPU.ActiveCfg = Debug|Any CPU
		{F6E66190-E5EF-48F9-A14E-BD0C9576B585}.Debug|Any CPU.Build.0 = Debug|Any CPU
		{F6E66190-E5EF-48F9-A14E-BD0C9576B585}.Release|Any CPU.ActiveCfg = Release|Any CPU
		{F6E66190-E5EF-48F9-A14E-BD0C9576B585}.Release|Any CPU.Build.0 = Release|Any CPU
	EndGlobalSection
	GlobalSection(SolutionProperties) = preSolution
		HideSolutionNode = FALSE
	EndGlobalSection
	GlobalSection(ExtensibilityGlobals) = postSolution
		SolutionGuid = {86809238-CE5B-410C-B3D9-EB18982EC1E3}
	EndGlobalSection
EndGlobal
